
Microsoft Visual Studio Solution File, Format Version 12.00
# Visual Studio Version 16
VisualStudioVersion = 16.0.30225.117
MinimumVisualStudioVersion = 10.0.40219.1
Project("{9A19103F-16F7-4668-BE54-9A1E7A4F7556}") = "ReCapProjectDataAccsess", "ReCapProjectDataAccsess\ReCapProjectDataAccsess.csproj", "{51D6F8EC-A8F2-4FC4-9529-A92D6D98DE8A}"
EndProject
Project("{9A19103F-16F7-4668-BE54-9A1E7A4F7556}") = "ReCapProjectBusiness", "ReCapBusiness\ReCapProjectBusiness.csproj", "{C951AB6F-B2A3-4413-B489-6D8F1710B1C8}"
EndProject
Project("{9A19103F-16F7-4668-BE54-9A1E7A4F7556}") = "ReCapProjectUI", "ReCapProjectUI\ReCapProjectUI.csproj", "{6569061C-4A45-46D5-90FF-C73ADBB1915A}"
EndProject
Project("{9A19103F-16F7-4668-BE54-9A1E7A4F7556}") = "ReCapProjectEntities", "ReCapProjectEntities\ReCapProjectEntities.csproj", "{65D5176F-E66A-4624-919C-00FA13EEF53D}"
EndProject
Project("{FAE04EC0-301F-11D3-BF4B-00C04F79EFBC}") = "ReCapProjectCore", "ReCapProjectCore\ReCapProjectCore.csproj", "{96F60DAE-D732-429A-B08C-3D9D110405F7}"
EndProject
Global
	GlobalSection(SolutionConfigurationPlatforms) = preSolution
		Debug|Any CPU = Debug|Any CPU
		Release|Any CPU = Release|Any CPU
	EndGlobalSection
	GlobalSection(ProjectConfigurationPlatforms) = postSolution
		{51D6F8EC-A8F2-4FC4-9529-A92D6D98DE8A}.Debug|Any CPU.ActiveCfg = Debug|Any CPU
		{51D6F8EC-A8F2-4FC4-9529-A92D6D98DE8A}.Debug|Any CPU.Build.0 = Debug|Any CPU
		{51D6F8EC-A8F2-4FC4-9529-A92D6D98DE8A}.Release|Any CPU.ActiveCfg = Release|Any CPU
		{51D6F8EC-A8F2-4FC4-9529-A92D6D98DE8A}.Release|Any CPU.Build.0 = Release|Any CPU
		{C951AB6F-B2A3-4413-B489-6D8F1710B1C8}.Debug|Any CPU.ActiveCfg = Debug|Any CPU
		{C951AB6F-B2A3-4413-B489-6D8F1710B1C8}.Debug|Any CPU.Build.0 = Debug|Any CPU
		{C951AB6F-B2A3-4413-B489-6D8F1710B1C8}.Release|Any CPU.ActiveCfg = Release|Any CPU
		{C951AB6F-B2A3-4413-B489-6D8F1710B1C8}.Release|Any CPU.Build.0 = Release|Any CPU
		{6569061C-4A45-46D5-90FF-C73ADBB1915A}.Debug|Any CPU.ActiveCfg = Debug|Any CPU
		{6569061C-4A45-46D5-90FF-C73ADBB1915A}.Debug|Any CPU.Build.0 = Debug|Any CPU
		{6569061C-4A45-46D5-90FF-C73ADBB1915A}.Release|Any CPU.ActiveCfg = Release|Any CPU
		{6569061C-4A45-46D5-90FF-C73ADBB1915A}.Release|Any CPU.Build.0 = Release|Any CPU
		{65D5176F-E66A-4624-919C-00FA13EEF53D}.Debug|Any CPU.ActiveCfg = Debug|Any CPU
		{65D5176F-E66A-4624-919C-00FA13EEF53D}.Debug|Any CPU.Build.0 = Debug|Any CPU
		{65D5176F-E66A-4624-919C-00FA13EEF53D}.Release|Any CPU.ActiveCfg = Release|Any CPU
		{65D5176F-E66A-4624-919C-00FA13EEF53D}.Release|Any CPU.Build.0 = Release|Any CPU
		{96F60DAE-D732-429A-B08C-3D9D110405F7}.Debug|Any CPU.ActiveCfg = Debug|Any CPU
		{96F60DAE-D732-429A-B08C-3D9D110405F7}.Debug|Any CPU.Build.0 = Debug|Any CPU
		{96F60DAE-D732-429A-B08C-3D9D110405F7}.Release|Any CPU.ActiveCfg = Release|Any CPU
		{96F60DAE-D732-429A-B08C-3D9D110405F7}.Release|Any CPU.Build.0 = Release|Any CPU
	EndGlobalSection
	GlobalSection(SolutionProperties) = preSolution
		HideSolutionNode = FALSE
	EndGlobalSection
	GlobalSection(ExtensibilityGlobals) = postSolution
		SolutionGuid = {B5B2E8BE-CA86-4E0D-91A3-2566DF9E1BD5}
	EndGlobalSection
EndGlobal
